
Microsoft Visual Studio Solution File, Format Version 12.00
# Visual Studio Version 17
VisualStudioVersion = 17.8.34330.188
MinimumVisualStudioVersion = 10.0.40219.1
Project("{2150E333-8FDC-42A3-9474-1A3956D46DE8}") = "02. BeforeCleanArchitecture", "02. BeforeCleanArchitecture", "{C92AA1B9-C1A9-437F-B853-F2FD5BB19854}"
EndProject
Project("{2150E333-8FDC-42A3-9474-1A3956D46DE8}") = "03. LibrarySolution", "03. LibrarySolution", "{69C78E71-E83B-4E9D-99A9-85A6CAA7A535}"
EndProject
Project("{2150E333-8FDC-42A3-9474-1A3956D46DE8}") = "Database", "Database", "{83A04E02-0DE4-4FFC-8C77-EA31D67EC68F}"
EndProject
Project("{2150E333-8FDC-42A3-9474-1A3956D46DE8}") = "01. Solution Items", "01. Solution Items", "{7B1BD901-58E3-474C-8618-DAB59F00FD03}"
EndProject
Project("{2150E333-8FDC-42A3-9474-1A3956D46DE8}") = "01. Shared", "01. Shared", "{1D63666F-7DCF-4585-B0A3-9319FAF22237}"
EndProject
Project("{2150E333-8FDC-42A3-9474-1A3956D46DE8}") = "02. Domain", "02. Domain", "{93FF6284-6900-4B7E-9451-34CADA835F80}"
EndProject
Project("{2150E333-8FDC-42A3-9474-1A3956D46DE8}") = "04. Infrastructure", "04. Infrastructure", "{4D9109BD-CBD6-4022-8356-D2D460764B85}"
EndProject
Project("{2150E333-8FDC-42A3-9474-1A3956D46DE8}") = "03. Application", "03. Application", "{9C2736C7-957C-4132-A11C-3B295270899B}"
EndProject
Project("{2150E333-8FDC-42A3-9474-1A3956D46DE8}") = "05. Presentation", "05. Presentation", "{C8C5D9D6-12E3-406C-A844-A4965B8E1507}"
EndProject
Project("{00D1A9C2-B5F0-4AF3-8072-F6C62B433612}") = "LibraryContextSolution", "01. Solution Items\Database\LibraryContextSolution\LibraryContextSolution.sqlproj", "{BCD1F7A1-5CF7-49E6-8755-28D1748972B7}"
EndProject
Project("{9A19103F-16F7-4668-BE54-9A1E7A4F7556}") = "BeforeCleanArchitecture", "02. BeforeCleanArchitecture\BeforeCleanArchitecture.csproj", "{5DD8B95C-5426-4DD9-A2FC-27C56812C20E}"
EndProject
Project("{9A19103F-16F7-4668-BE54-9A1E7A4F7556}") = "LibrarySolution.Shared", "03. LibrarySolution\01. Shared\LibrarySolution.Shared\LibrarySolution.Shared.csproj", "{EC7D12DE-FF8E-4077-916B-21822FE2D68C}"
EndProject
Project("{9A19103F-16F7-4668-BE54-9A1E7A4F7556}") = "LibrarySolution.Domain", "03. LibrarySolution\02. Domain\LibrarySolution.Domain\LibrarySolution.Domain.csproj", "{775D7A29-A7B6-4513-8A83-33DEF84F142F}"
EndProject
Project("{9A19103F-16F7-4668-BE54-9A1E7A4F7556}") = "LibrarySolution.Application", "03. LibrarySolution\03. Application\LibrarySolution.Application\LibrarySolution.Application.csproj", "{6C8C8105-A4DC-446F-B2AB-C37041810340}"
EndProject
Project("{9A19103F-16F7-4668-BE54-9A1E7A4F7556}") = "LibrarySolution.Controller.Api", "03. LibrarySolution\05. Presentation\LibrarySolution.Controller.Api\LibrarySolution.Controller.Api.csproj", "{C6AB8D8C-B5E1-4D9D-8FBE-40ADE7B6E61A}"
EndProject
Project("{9A19103F-16F7-4668-BE54-9A1E7A4F7556}") = "LibrarySolution.Infrastructure.Persistence", "03. LibrarySolution\04. Infrastructure\LibrarySolution.Infrastructure.Persistence\LibrarySolution.Infrastructure.Persistence.csproj", "{B13F07F2-2F43-4B63-8E7B-5FE73D862970}"
EndProject
Project("{9A19103F-16F7-4668-BE54-9A1E7A4F7556}") = "LibrarySolution.Infrastructure.DateTimeProvider", "03. LibrarySolution\04. Infrastructure\LibrarySolution.Infrastructure.DateTimeProvider\LibrarySolution.Infrastructure.DateTimeProvider.csproj", "{90C5E038-F1E9-4C2F-8AC5-C1348DCACC45}"
EndProject
Project("{FAE04EC0-301F-11D3-BF4B-00C04F79EFBC}") = "LibrarySolution.Infrastructure.EmailService", "03. LibrarySolution\04. Infrastructure\LibrarySolution.Infrastructure.EmailService\LibrarySolution.Infrastructure.EmailService.csproj", "{9B324E7B-271F-41E4-840B-AD6F0554A896}"
EndProject
Global
	GlobalSection(SolutionConfigurationPlatforms) = preSolution
		Debug|Any CPU = Debug|Any CPU
		Release|Any CPU = Release|Any CPU
	EndGlobalSection
	GlobalSection(ProjectConfigurationPlatforms) = postSolution
		{BCD1F7A1-5CF7-49E6-8755-28D1748972B7}.Debug|Any CPU.ActiveCfg = Debug|Any CPU
		{BCD1F7A1-5CF7-49E6-8755-28D1748972B7}.Debug|Any CPU.Build.0 = Debug|Any CPU
		{BCD1F7A1-5CF7-49E6-8755-28D1748972B7}.Debug|Any CPU.Deploy.0 = Debug|Any CPU
		{BCD1F7A1-5CF7-49E6-8755-28D1748972B7}.Release|Any CPU.ActiveCfg = Release|Any CPU
		{BCD1F7A1-5CF7-49E6-8755-28D1748972B7}.Release|Any CPU.Build.0 = Release|Any CPU
		{BCD1F7A1-5CF7-49E6-8755-28D1748972B7}.Release|Any CPU.Deploy.0 = Release|Any CPU
		{5DD8B95C-5426-4DD9-A2FC-27C56812C20E}.Debug|Any CPU.ActiveCfg = Debug|Any CPU
		{5DD8B95C-5426-4DD9-A2FC-27C56812C20E}.Debug|Any CPU.Build.0 = Debug|Any CPU
		{5DD8B95C-5426-4DD9-A2FC-27C56812C20E}.Release|Any CPU.ActiveCfg = Release|Any CPU
		{5DD8B95C-5426-4DD9-A2FC-27C56812C20E}.Release|Any CPU.Build.0 = Release|Any CPU
		{EC7D12DE-FF8E-4077-916B-21822FE2D68C}.Debug|Any CPU.ActiveCfg = Debug|Any CPU
		{EC7D12DE-FF8E-4077-916B-21822FE2D68C}.Debug|Any CPU.Build.0 = Debug|Any CPU
		{EC7D12DE-FF8E-4077-916B-21822FE2D68C}.Release|Any CPU.ActiveCfg = Release|Any CPU
		{EC7D12DE-FF8E-4077-916B-21822FE2D68C}.Release|Any CPU.Build.0 = Release|Any CPU
		{775D7A29-A7B6-4513-8A83-33DEF84F142F}.Debug|Any CPU.ActiveCfg = Debug|Any CPU
		{775D7A29-A7B6-4513-8A83-33DEF84F142F}.Debug|Any CPU.Build.0 = Debug|Any CPU
		{775D7A29-A7B6-4513-8A83-33DEF84F142F}.Release|Any CPU.ActiveCfg = Release|Any CPU
		{775D7A29-A7B6-4513-8A83-33DEF84F142F}.Release|Any CPU.Build.0 = Release|Any CPU
		{6C8C8105-A4DC-446F-B2AB-C37041810340}.Debug|Any CPU.ActiveCfg = Debug|Any CPU
		{6C8C8105-A4DC-446F-B2AB-C37041810340}.Debug|Any CPU.Build.0 = Debug|Any CPU
		{6C8C8105-A4DC-446F-B2AB-C37041810340}.Release|Any CPU.ActiveCfg = Release|Any CPU
		{6C8C8105-A4DC-446F-B2AB-C37041810340}.Release|Any CPU.Build.0 = Release|Any CPU
		{C6AB8D8C-B5E1-4D9D-8FBE-40ADE7B6E61A}.Debug|Any CPU.ActiveCfg = Debug|Any CPU
		{C6AB8D8C-B5E1-4D9D-8FBE-40ADE7B6E61A}.Debug|Any CPU.Build.0 = Debug|Any CPU
		{C6AB8D8C-B5E1-4D9D-8FBE-40ADE7B6E61A}.Release|Any CPU.ActiveCfg = Release|Any CPU
		{C6AB8D8C-B5E1-4D9D-8FBE-40ADE7B6E61A}.Release|Any CPU.Build.0 = Release|Any CPU
		{B13F07F2-2F43-4B63-8E7B-5FE73D862970}.Debug|Any CPU.ActiveCfg = Debug|Any CPU
		{B13F07F2-2F43-4B63-8E7B-5FE73D862970}.Debug|Any CPU.Build.0 = Debug|Any CPU
		{B13F07F2-2F43-4B63-8E7B-5FE73D862970}.Release|Any CPU.ActiveCfg = Release|Any CPU
		{B13F07F2-2F43-4B63-8E7B-5FE73D862970}.Release|Any CPU.Build.0 = Release|Any CPU
		{90C5E038-F1E9-4C2F-8AC5-C1348DCACC45}.Debug|Any CPU.ActiveCfg = Debug|Any CPU
		{90C5E038-F1E9-4C2F-8AC5-C1348DCACC45}.Debug|Any CPU.Build.0 = Debug|Any CPU
		{90C5E038-F1E9-4C2F-8AC5-C1348DCACC45}.Release|Any CPU.ActiveCfg = Release|Any CPU
		{90C5E038-F1E9-4C2F-8AC5-C1348DCACC45}.Release|Any CPU.Build.0 = Release|Any CPU
		{9B324E7B-271F-41E4-840B-AD6F0554A896}.Debug|Any CPU.ActiveCfg = Debug|Any CPU
		{9B324E7B-271F-41E4-840B-AD6F0554A896}.Debug|Any CPU.Build.0 = Debug|Any CPU
		{9B324E7B-271F-41E4-840B-AD6F0554A896}.Release|Any CPU.ActiveCfg = Release|Any CPU
		{9B324E7B-271F-41E4-840B-AD6F0554A896}.Release|Any CPU.Build.0 = Release|Any CPU
	EndGlobalSection
	GlobalSection(SolutionProperties) = preSolution
		HideSolutionNode = FALSE
	EndGlobalSection
	GlobalSection(NestedProjects) = preSolution
		{83A04E02-0DE4-4FFC-8C77-EA31D67EC68F} = {7B1BD901-58E3-474C-8618-DAB59F00FD03}
		{1D63666F-7DCF-4585-B0A3-9319FAF22237} = {69C78E71-E83B-4E9D-99A9-85A6CAA7A535}
		{93FF6284-6900-4B7E-9451-34CADA835F80} = {69C78E71-E83B-4E9D-99A9-85A6CAA7A535}
		{4D9109BD-CBD6-4022-8356-D2D460764B85} = {69C78E71-E83B-4E9D-99A9-85A6CAA7A535}
		{9C2736C7-957C-4132-A11C-3B295270899B} = {69C78E71-E83B-4E9D-99A9-85A6CAA7A535}
		{C8C5D9D6-12E3-406C-A844-A4965B8E1507} = {69C78E71-E83B-4E9D-99A9-85A6CAA7A535}
		{BCD1F7A1-5CF7-49E6-8755-28D1748972B7} = {83A04E02-0DE4-4FFC-8C77-EA31D67EC68F}
		{5DD8B95C-5426-4DD9-A2FC-27C56812C20E} = {C92AA1B9-C1A9-437F-B853-F2FD5BB19854}
		{EC7D12DE-FF8E-4077-916B-21822FE2D68C} = {1D63666F-7DCF-4585-B0A3-9319FAF22237}
		{775D7A29-A7B6-4513-8A83-33DEF84F142F} = {93FF6284-6900-4B7E-9451-34CADA835F80}
		{6C8C8105-A4DC-446F-B2AB-C37041810340} = {9C2736C7-957C-4132-A11C-3B295270899B}
		{C6AB8D8C-B5E1-4D9D-8FBE-40ADE7B6E61A} = {C8C5D9D6-12E3-406C-A844-A4965B8E1507}
		{B13F07F2-2F43-4B63-8E7B-5FE73D862970} = {4D9109BD-CBD6-4022-8356-D2D460764B85}
		{90C5E038-F1E9-4C2F-8AC5-C1348DCACC45} = {4D9109BD-CBD6-4022-8356-D2D460764B85}
		{9B324E7B-271F-41E4-840B-AD6F0554A896} = {4D9109BD-CBD6-4022-8356-D2D460764B85}
	EndGlobalSection
	GlobalSection(ExtensibilityGlobals) = postSolution
		SolutionGuid = {A41E2CDB-C084-4260-958A-766C6CE02129}
	EndGlobalSection
EndGlobal
